
Microsoft Visual Studio Solution File, Format Version 12.00
# Visual Studio Version 17
VisualStudioVersion = 17.5.2.0
MinimumVisualStudioVersion = 10.0.40219.1
Project("{FAE04EC0-301F-11D3-BF4B-00C04F79EFBC}") = "PropertyApi", "PropertyApi.csproj", "{40F9B77F-1664-C0A3-5F4A-5E3858C93212}"
EndProject
Project("{FAE04EC0-301F-11D3-BF4B-00C04F79EFBC}") = "PropertyApi.Tests", "..\PropertyApi.Tests\PropertyApi.Tests.csproj", "{8150785F-DC46-4F27-8237-AC49B76F976E}"
EndProject
Global
	GlobalSection(SolutionConfigurationPlatforms) = preSolution
		Debug|Any CPU = Debug|Any CPU
		Debug|x64 = Debug|x64
		Debug|x86 = Debug|x86
		Release|Any CPU = Release|Any CPU
		Release|x64 = Release|x64
		Release|x86 = Release|x86
	EndGlobalSection
	GlobalSection(ProjectConfigurationPlatforms) = postSolution
		{40F9B77F-1664-C0A3-5F4A-5E3858C93212}.Debug|Any CPU.ActiveCfg = Debug|Any CPU
		{40F9B77F-1664-C0A3-5F4A-5E3858C93212}.Debug|Any CPU.Build.0 = Debug|Any CPU
		{40F9B77F-1664-C0A3-5F4A-5E3858C93212}.Debug|x64.ActiveCfg = Debug|Any CPU
		{40F9B77F-1664-C0A3-5F4A-5E3858C93212}.Debug|x64.Build.0 = Debug|Any CPU
		{40F9B77F-1664-C0A3-5F4A-5E3858C93212}.Debug|x86.ActiveCfg = Debug|Any CPU
		{40F9B77F-1664-C0A3-5F4A-5E3858C93212}.Debug|x86.Build.0 = Debug|Any CPU
		{40F9B77F-1664-C0A3-5F4A-5E3858C93212}.Release|Any CPU.ActiveCfg = Release|Any CPU
		{40F9B77F-1664-C0A3-5F4A-5E3858C93212}.Release|Any CPU.Build.0 = Release|Any CPU
		{40F9B77F-1664-C0A3-5F4A-5E3858C93212}.Release|x64.ActiveCfg = Release|Any CPU
		{40F9B77F-1664-C0A3-5F4A-5E3858C93212}.Release|x64.Build.0 = Release|Any CPU
		{40F9B77F-1664-C0A3-5F4A-5E3858C93212}.Release|x86.ActiveCfg = Release|Any CPU
		{40F9B77F-1664-C0A3-5F4A-5E3858C93212}.Release|x86.Build.0 = Release|Any CPU
		{8150785F-DC46-4F27-8237-AC49B76F976E}.Debug|Any CPU.ActiveCfg = Debug|Any CPU
		{8150785F-DC46-4F27-8237-AC49B76F976E}.Debug|Any CPU.Build.0 = Debug|Any CPU
		{8150785F-DC46-4F27-8237-AC49B76F976E}.Debug|x64.ActiveCfg = Debug|Any CPU
		{8150785F-DC46-4F27-8237-AC49B76F976E}.Debug|x64.Build.0 = Debug|Any CPU
		{8150785F-DC46-4F27-8237-AC49B76F976E}.Debug|x86.ActiveCfg = Debug|Any CPU
		{8150785F-DC46-4F27-8237-AC49B76F976E}.Debug|x86.Build.0 = Debug|Any CPU
		{8150785F-DC46-4F27-8237-AC49B76F976E}.Release|Any CPU.ActiveCfg = Release|Any CPU
		{8150785F-DC46-4F27-8237-AC49B76F976E}.Release|Any CPU.Build.0 = Release|Any CPU
		{8150785F-DC46-4F27-8237-AC49B76F976E}.Release|x64.ActiveCfg = Release|Any CPU
		{8150785F-DC46-4F27-8237-AC49B76F976E}.Release|x64.Build.0 = Release|Any CPU
		{8150785F-DC46-4F27-8237-AC49B76F976E}.Release|x86.ActiveCfg = Release|Any CPU
		{8150785F-DC46-4F27-8237-AC49B76F976E}.Release|x86.Build.0 = Release|Any CPU
	EndGlobalSection
	GlobalSection(SolutionProperties) = preSolution
		HideSolutionNode = FALSE
	EndGlobalSection
	GlobalSection(ExtensibilityGlobals) = postSolution
		SolutionGuid = {D2DEC49E-B19B-4DA7-9D0A-EC82406CC269}
	EndGlobalSection
EndGlobal
